
Microsoft Visual Studio Solution File, Format Version 12.00
# Visual Studio Version 17
VisualStudioVersion = 17.4.33213.308
MinimumVisualStudioVersion = 10.0.40219.1
Project("{FAE04EC0-301F-11D3-BF4B-00C04F79EFBC}") = "Report", "Report\Report.csproj", "{7852B807-AD39-407B-AF86-2F978682AC50}"
EndProject
Global
	GlobalSection(SolutionConfigurationPlatforms) = preSolution
		Debug|Any CPU = Debug|Any CPU
		Release|Any CPU = Release|Any CPU
	EndGlobalSection
	GlobalSection(ProjectConfigurationPlatforms) = postSolution
		{7852B807-AD39-407B-AF86-2F978682AC50}.Debug|Any CPU.ActiveCfg = Debug|Any CPU
		{7852B807-AD39-407B-AF86-2F978682AC50}.Debug|Any CPU.Build.0 = Debug|Any CPU
		{7852B807-AD39-407B-AF86-2F978682AC50}.Release|Any CPU.ActiveCfg = Release|Any CPU
		{7852B807-AD39-407B-AF86-2F978682AC50}.Release|Any CPU.Build.0 = Release|Any CPU
	EndGlobalSection
	GlobalSection(SolutionProperties) = preSolution
		HideSolutionNode = FALSE
	EndGlobalSection
	GlobalSection(ExtensibilityGlobals) = postSolution
		SolutionGuid = {45F52DDF-449C-48D5-B2B6-76413BA3EE3D}
	EndGlobalSection
EndGlobal
